// !$*UTF8*$!
{
	archiveVersion = 1;
	classes = {
	};
	objectVersion = 56;
	objects = {

/* Begin PBXBuildFile section */
		5C4A9A0E291BAAD700D2B2B5 /* DallETutorialApp.swift in Sources */ = {isa = PBXBuildFile; fileRef = 5C4A9A0D291BAAD700D2B2B5 /* DallETutorialApp.swift */; };
		5C4A9A10291BAAD700D2B2B5 /* ContentView.swift in Sources */ = {isa = PBXBuildFile; fileRef = 5C4A9A0F291BAAD700D2B2B5 /* ContentView.swift */; };
		5C4A9A12291BAAD700D2B2B5 /* Assets.xcassets in Resources */ = {isa = PBXBuildFile; fileRef = 5C4A9A11291BAAD700D2B2B5 /* Assets.xcassets */; };
		5C4A9A15291BAAD700D2B2B5 /* Preview Assets.xcassets in Resources */ = {isa = PBXBuildFile; fileRef = 5C4A9A14291BAAD700D2B2B5 /* Preview Assets.xcassets */; };
		5C4A9A1C291BAD9A00D2B2B5 /* DallEImageGenerator.swift in Sources */ = {isa = PBXBuildFile; fileRef = 5C4A9A1B291BAD9A00D2B2B5 /* DallEImageGenerator.swift */; };
		5C4A9A1E291BAED000D2B2B5 /* ModerationResponse.swift in Sources */ = {isa = PBXBuildFile; fileRef = 5C4A9A1D291BAED000D2B2B5 /* ModerationResponse.swift */; };
		5C4A9A20291BAF9900D2B2B5 /* ImageGenerationResponse.swift in Sources */ = {isa = PBXBuildFile; fileRef = 5C4A9A1F291BAF9900D2B2B5 /* ImageGenerationResponse.swift */; };
		5C4A9A22291BB10A00D2B2B5 /* Secret.swift in Sources */ = {isa = PBXBuildFile; fileRef = 5C4A9A21291BB10A00D2B2B5 /* Secret.swift */; };
		9E57FFE72A38F57800C72B32 /* SpeechRecognizer.swift in Sources */ = {isa = PBXBuildFile; fileRef = 9E57FFE62A38F57800C72B32 /* SpeechRecognizer.swift */; };
		9E57FFE92A38F74400C72B32 /* ListenerView.swift in Sources */ = {isa = PBXBuildFile; fileRef = 9E57FFE82A38F74400C72B32 /* ListenerView.swift */; };
		9E5B3C7E2A547E71009ED922 /* ImageDetails.swift in Sources */ = {isa = PBXBuildFile; fileRef = 9E5B3C7D2A547E71009ED922 /* ImageDetails.swift */; };
		9E601A362A39D45D003AD631 /* History.swift in Sources */ = {isa = PBXBuildFile; fileRef = 9E601A352A39D45D003AD631 /* History.swift */; };
		9E63C4912A55C6BE0004EBBB /* View.swift in Sources */ = {isa = PBXBuildFile; fileRef = 9E63C4902A55C6BE0004EBBB /* View.swift */; };
		9E7540AB2A582CE7005DC479 /* UIApplication.swift in Sources */ = {isa = PBXBuildFile; fileRef = 9E7540AA2A582CE7005DC479 /* UIApplication.swift */; };
		9E7F8C752A56D88F00B0DD5C /* VoiceDraw.swift in Sources */ = {isa = PBXBuildFile; fileRef = 9E7F8C742A56D88F00B0DD5C /* VoiceDraw.swift */; };
		9E7F8C792A56E64500B0DD5C /* SideButtonsModel.swift in Sources */ = {isa = PBXBuildFile; fileRef = 9E7F8C782A56E64500B0DD5C /* SideButtonsModel.swift */; };
		9E8C79FF2A45B50F00A11542 /* ProfileEditor.swift in Sources */ = {isa = PBXBuildFile; fileRef = 9E8C79FC2A45B50F00A11542 /* ProfileEditor.swift */; };
		9E8C7A002A45B50F00A11542 /* ProfileHost.swift in Sources */ = {isa = PBXBuildFile; fileRef = 9E8C79FD2A45B50F00A11542 /* ProfileHost.swift */; };
		9E8C7A012A45B50F00A11542 /* ProfileSummary.swift in Sources */ = {isa = PBXBuildFile; fileRef = 9E8C79FE2A45B50F00A11542 /* ProfileSummary.swift */; };
		9E8C7A042A45B59800A11542 /* Profile.swift in Sources */ = {isa = PBXBuildFile; fileRef = 9E8C7A032A45B59800A11542 /* Profile.swift */; };
		9E8D81F82A55C7840027005D /* SideButtons.swift in Sources */ = {isa = PBXBuildFile; fileRef = 9E8D81F72A55C7840027005D /* SideButtons.swift */; };
		9E8D81FA2A55C7A40027005D /* BottomView.swift in Sources */ = {isa = PBXBuildFile; fileRef = 9E8D81F92A55C7A40027005D /* BottomView.swift */; };
		9E8D81FC2A55C7C50027005D /* CollectionContent.swift in Sources */ = {isa = PBXBuildFile; fileRef = 9E8D81FB2A55C7C50027005D /* CollectionContent.swift */; };
		9EADB3752A4480AD006F184E /* ModelData.swift in Sources */ = {isa = PBXBuildFile; fileRef = 9EADB3742A4480AD006F184E /* ModelData.swift */; };
		9EADB3852A4482F1006F184E /* Landmark.swift in Sources */ = {isa = PBXBuildFile; fileRef = 9EADB3842A4482F1006F184E /* Landmark.swift */; };
		9EADB3882A448385006F184E /* FavoriteButton.swift in Sources */ = {isa = PBXBuildFile; fileRef = 9EADB3872A448385006F184E /* FavoriteButton.swift */; };
		9EED780C2A4A17E000525298 /* Panel.swift in Sources */ = {isa = PBXBuildFile; fileRef = 9EED780B2A4A17E000525298 /* Panel.swift */; };
		9EED78162A4D979C00525298 /* SideBar.swift in Sources */ = {isa = PBXBuildFile; fileRef = 9EED78152A4D979C00525298 /* SideBar.swift */; };
		9EED78182A4DB09000525298 /* CustomColor.swift in Sources */ = {isa = PBXBuildFile; fileRef = 9EED78172A4DB09000525298 /* CustomColor.swift */; };
		9EED781B2A4DD0F700525298 /* UIDevice.swift in Sources */ = {isa = PBXBuildFile; fileRef = 9EED781A2A4DD0F700525298 /* UIDevice.swift */; };
/* End PBXBuildFile section */

/* Begin PBXFileReference section */
		5C4A9A0A291BAAD700D2B2B5 /* DallETutorial.app */ = {isa = PBXFileReference; explicitFileType = wrapper.application; includeInIndex = 0; path = DallETutorial.app; sourceTree = BUILT_PRODUCTS_DIR; };
		5C4A9A0D291BAAD700D2B2B5 /* DallETutorialApp.swift */ = {isa = PBXFileReference; lastKnownFileType = sourcecode.swift; path = DallETutorialApp.swift; sourceTree = "<group>"; };
		5C4A9A0F291BAAD700D2B2B5 /* ContentView.swift */ = {isa = PBXFileReference; lastKnownFileType = sourcecode.swift; path = ContentView.swift; sourceTree = "<group>"; };
		5C4A9A11291BAAD700D2B2B5 /* Assets.xcassets */ = {isa = PBXFileReference; lastKnownFileType = folder.assetcatalog; path = Assets.xcassets; sourceTree = "<group>"; };
		5C4A9A14291BAAD700D2B2B5 /* Preview Assets.xcassets */ = {isa = PBXFileReference; lastKnownFileType = folder.assetcatalog; path = "Preview Assets.xcassets"; sourceTree = "<group>"; };
		5C4A9A1B291BAD9A00D2B2B5 /* DallEImageGenerator.swift */ = {isa = PBXFileReference; lastKnownFileType = sourcecode.swift; path = DallEImageGenerator.swift; sourceTree = "<group>"; };
		5C4A9A1D291BAED000D2B2B5 /* ModerationResponse.swift */ = {isa = PBXFileReference; lastKnownFileType = sourcecode.swift; path = ModerationResponse.swift; sourceTree = "<group>"; };
		5C4A9A1F291BAF9900D2B2B5 /* ImageGenerationResponse.swift */ = {isa = PBXFileReference; lastKnownFileType = sourcecode.swift; path = ImageGenerationResponse.swift; sourceTree = "<group>"; };
		5C4A9A21291BB10A00D2B2B5 /* Secret.swift */ = {isa = PBXFileReference; lastKnownFileType = sourcecode.swift; path = Secret.swift; sourceTree = "<group>"; };
		9E57FFE62A38F57800C72B32 /* SpeechRecognizer.swift */ = {isa = PBXFileReference; fileEncoding = 4; lastKnownFileType = sourcecode.swift; path = SpeechRecognizer.swift; sourceTree = "<group>"; };
		9E57FFE82A38F74400C72B32 /* ListenerView.swift */ = {isa = PBXFileReference; fileEncoding = 4; lastKnownFileType = sourcecode.swift; path = ListenerView.swift; sourceTree = "<group>"; };
		9E5B3C7D2A547E71009ED922 /* ImageDetails.swift */ = {isa = PBXFileReference; lastKnownFileType = sourcecode.swift; path = ImageDetails.swift; sourceTree = "<group>"; };
		9E601A352A39D45D003AD631 /* History.swift */ = {isa = PBXFileReference; fileEncoding = 4; lastKnownFileType = sourcecode.swift; path = History.swift; sourceTree = "<group>"; };
		9E63C4902A55C6BE0004EBBB /* View.swift */ = {isa = PBXFileReference; lastKnownFileType = sourcecode.swift; path = View.swift; sourceTree = "<group>"; };
		9E7540AA2A582CE7005DC479 /* UIApplication.swift */ = {isa = PBXFileReference; lastKnownFileType = sourcecode.swift; path = UIApplication.swift; sourceTree = "<group>"; };
		9E7F8C742A56D88F00B0DD5C /* VoiceDraw.swift */ = {isa = PBXFileReference; lastKnownFileType = sourcecode.swift; path = VoiceDraw.swift; sourceTree = "<group>"; };
		9E7F8C782A56E64500B0DD5C /* SideButtonsModel.swift */ = {isa = PBXFileReference; lastKnownFileType = sourcecode.swift; path = SideButtonsModel.swift; sourceTree = "<group>"; };
		9E8C79FC2A45B50F00A11542 /* ProfileEditor.swift */ = {isa = PBXFileReference; fileEncoding = 4; lastKnownFileType = sourcecode.swift; path = ProfileEditor.swift; sourceTree = "<group>"; };
		9E8C79FD2A45B50F00A11542 /* ProfileHost.swift */ = {isa = PBXFileReference; fileEncoding = 4; lastKnownFileType = sourcecode.swift; path = ProfileHost.swift; sourceTree = "<group>"; };
		9E8C79FE2A45B50F00A11542 /* ProfileSummary.swift */ = {isa = PBXFileReference; fileEncoding = 4; lastKnownFileType = sourcecode.swift; path = ProfileSummary.swift; sourceTree = "<group>"; };
		9E8C7A032A45B59800A11542 /* Profile.swift */ = {isa = PBXFileReference; fileEncoding = 4; lastKnownFileType = sourcecode.swift; path = Profile.swift; sourceTree = "<group>"; };
		9E8D81F72A55C7840027005D /* SideButtons.swift */ = {isa = PBXFileReference; lastKnownFileType = sourcecode.swift; path = SideButtons.swift; sourceTree = "<group>"; };
		9E8D81F92A55C7A40027005D /* BottomView.swift */ = {isa = PBXFileReference; lastKnownFileType = sourcecode.swift; path = BottomView.swift; sourceTree = "<group>"; };
		9E8D81FB2A55C7C50027005D /* CollectionContent.swift */ = {isa = PBXFileReference; lastKnownFileType = sourcecode.swift; path = CollectionContent.swift; sourceTree = "<group>"; };
		9EADB3742A4480AD006F184E /* ModelData.swift */ = {isa = PBXFileReference; fileEncoding = 4; lastKnownFileType = sourcecode.swift; path = ModelData.swift; sourceTree = "<group>"; };
		9EADB3842A4482F1006F184E /* Landmark.swift */ = {isa = PBXFileReference; fileEncoding = 4; lastKnownFileType = sourcecode.swift; path = Landmark.swift; sourceTree = "<group>"; };
		9EADB3872A448385006F184E /* FavoriteButton.swift */ = {isa = PBXFileReference; fileEncoding = 4; lastKnownFileType = sourcecode.swift; path = FavoriteButton.swift; sourceTree = "<group>"; };
		9EED780B2A4A17E000525298 /* Panel.swift */ = {isa = PBXFileReference; lastKnownFileType = sourcecode.swift; path = Panel.swift; sourceTree = "<group>"; };
		9EED780E2A4A1B5C00525298 /* Info.plist */ = {isa = PBXFileReference; lastKnownFileType = text.plist; path = Info.plist; sourceTree = "<group>"; };
		9EED78152A4D979C00525298 /* SideBar.swift */ = {isa = PBXFileReference; lastKnownFileType = sourcecode.swift; path = SideBar.swift; sourceTree = "<group>"; };
		9EED78172A4DB09000525298 /* CustomColor.swift */ = {isa = PBXFileReference; lastKnownFileType = sourcecode.swift; path = CustomColor.swift; sourceTree = "<group>"; };
		9EED781A2A4DD0F700525298 /* UIDevice.swift */ = {isa = PBXFileReference; lastKnownFileType = sourcecode.swift; path = UIDevice.swift; sourceTree = "<group>"; };
/* End PBXFileReference section */

/* Begin PBXFrameworksBuildPhase section */
		5C4A9A07291BAAD700D2B2B5 /* Frameworks */ = {
			isa = PBXFrameworksBuildPhase;
			buildActionMask = 2147483647;
			files = (
			);
			runOnlyForDeploymentPostprocessing = 0;
		};
/* End PBXFrameworksBuildPhase section */

/* Begin PBXGroup section */
		5C4A9A01291BAAD700D2B2B5 = {
			isa = PBXGroup;
			children = (
				5C4A9A0C291BAAD700D2B2B5 /* DallETutorial */,
				5C4A9A0B291BAAD700D2B2B5 /* Products */,
			);
			sourceTree = "<group>";
		};
		5C4A9A0B291BAAD700D2B2B5 /* Products */ = {
			isa = PBXGroup;
			children = (
				5C4A9A0A291BAAD700D2B2B5 /* DallETutorial.app */,
			);
			name = Products;
			sourceTree = "<group>";
		};
		5C4A9A0C291BAAD700D2B2B5 /* DallETutorial */ = {
			isa = PBXGroup;
			children = (
				9EED780E2A4A1B5C00525298 /* Info.plist */,
				5C4A9A0D291BAAD700D2B2B5 /* DallETutorialApp.swift */,
				9E9768C52A3738F70005D51E /* Models */,
				9E9768C62A37397A0005D51E /* Views */,
				5C4A9A21291BB10A00D2B2B5 /* Secret.swift */,
				9EED78192A4DD0D600525298 /* Extensions */,
				9E9768C72A3746940005D51E /* NetworkLayer */,
				9EADB38D2A44899A006F184E /* Resources */,
				5C4A9A11291BAAD700D2B2B5 /* Assets.xcassets */,
				5C4A9A13291BAAD700D2B2B5 /* Preview Content */,
			);
			path = DallETutorial;
			sourceTree = "<group>";
		};
		5C4A9A13291BAAD700D2B2B5 /* Preview Content */ = {
			isa = PBXGroup;
			children = (
				5C4A9A14291BAAD700D2B2B5 /* Preview Assets.xcassets */,
			);
			path = "Preview Content";
			sourceTree = "<group>";
		};
		9E8C79FB2A45B4EC00A11542 /* Profiles */ = {
			isa = PBXGroup;
			children = (
				9E8C79FC2A45B50F00A11542 /* ProfileEditor.swift */,
				9E8C79FD2A45B50F00A11542 /* ProfileHost.swift */,
				9E8C79FE2A45B50F00A11542 /* ProfileSummary.swift */,
			);
			path = Profiles;
			sourceTree = "<group>";
		};
		9E9768C52A3738F70005D51E /* Models */ = {
			isa = PBXGroup;
			children = (
				9E8C7A032A45B59800A11542 /* Profile.swift */,
				9EADB3842A4482F1006F184E /* Landmark.swift */,
				9EADB3742A4480AD006F184E /* ModelData.swift */,
				9E601A352A39D45D003AD631 /* History.swift */,
				5C4A9A1D291BAED000D2B2B5 /* ModerationResponse.swift */,
				5C4A9A1F291BAF9900D2B2B5 /* ImageGenerationResponse.swift */,
				9E57FFE62A38F57800C72B32 /* SpeechRecognizer.swift */,
				9E7F8C782A56E64500B0DD5C /* SideButtonsModel.swift */,
			);
			path = Models;
			sourceTree = "<group>";
		};
		9E9768C62A37397A0005D51E /* Views */ = {
			isa = PBXGroup;
			children = (
				9EED78142A4D978900525298 /* SideBar */,
				9E8C79FB2A45B4EC00A11542 /* Profiles */,
				9EADB3862A448358006F184E /* Helpers */,
				9E57FFE82A38F74400C72B32 /* ListenerView.swift */,
				5C4A9A0F291BAAD700D2B2B5 /* ContentView.swift */,
				9EED780B2A4A17E000525298 /* Panel.swift */,
				9E5B3C7D2A547E71009ED922 /* ImageDetails.swift */,
				9E8D81F72A55C7840027005D /* SideButtons.swift */,
				9E8D81F92A55C7A40027005D /* BottomView.swift */,
				9E8D81FB2A55C7C50027005D /* CollectionContent.swift */,
			);
			path = Views;
			sourceTree = "<group>";
		};
		9E9768C72A3746940005D51E /* NetworkLayer */ = {
			isa = PBXGroup;
			children = (
				5C4A9A1B291BAD9A00D2B2B5 /* DallEImageGenerator.swift */,
				9E7F8C742A56D88F00B0DD5C /* VoiceDraw.swift */,
			);
			path = NetworkLayer;
			sourceTree = "<group>";
		};
		9EADB3862A448358006F184E /* Helpers */ = {
			isa = PBXGroup;
			children = (
				9EADB3872A448385006F184E /* FavoriteButton.swift */,
				9EED78172A4DB09000525298 /* CustomColor.swift */,
			);
			path = Helpers;
			sourceTree = "<group>";
		};
		9EADB38D2A44899A006F184E /* Resources */ = {
			isa = PBXGroup;
			children = (
			);
			path = Resources;
			sourceTree = "<group>";
		};
		9EED78142A4D978900525298 /* SideBar */ = {
			isa = PBXGroup;
			children = (
				9EED78152A4D979C00525298 /* SideBar.swift */,
			);
			path = SideBar;
			sourceTree = "<group>";
		};
		9EED78192A4DD0D600525298 /* Extensions */ = {
			isa = PBXGroup;
			children = (
				9EED781A2A4DD0F700525298 /* UIDevice.swift */,
				9E63C4902A55C6BE0004EBBB /* View.swift */,
				9E7540AA2A582CE7005DC479 /* UIApplication.swift */,
			);
			path = Extensions;
			sourceTree = "<group>";
		};
/* End PBXGroup section */

/* Begin PBXNativeTarget section */
		5C4A9A09291BAAD700D2B2B5 /* DallETutorial */ = {
			isa = PBXNativeTarget;
			buildConfigurationList = 5C4A9A18291BAAD700D2B2B5 /* Build configuration list for PBXNativeTarget "DallETutorial" */;
			buildPhases = (
				5C4A9A06291BAAD700D2B2B5 /* Sources */,
				5C4A9A07291BAAD700D2B2B5 /* Frameworks */,
				5C4A9A08291BAAD700D2B2B5 /* Resources */,
			);
			buildRules = (
			);
			dependencies = (
			);
			name = DallETutorial;
			productName = DallETutorial;
			productReference = 5C4A9A0A291BAAD700D2B2B5 /* DallETutorial.app */;
			productType = "com.apple.product-type.application";
		};
/* End PBXNativeTarget section */

/* Begin PBXProject section */
		5C4A9A02291BAAD700D2B2B5 /* Project object */ = {
			isa = PBXProject;
			attributes = {
				BuildIndependentTargetsInParallel = 1;
				LastSwiftUpdateCheck = 1430;
				LastUpgradeCheck = 1410;
				TargetAttributes = {
					5C4A9A09291BAAD700D2B2B5 = {
						CreatedOnToolsVersion = 14.1;
					};
				};
			};
			buildConfigurationList = 5C4A9A05291BAAD700D2B2B5 /* Build configuration list for PBXProject "DallETutorial" */;
			compatibilityVersion = "Xcode 14.0";
			developmentRegion = en;
			hasScannedForEncodings = 0;
			knownRegions = (
				en,
				Base,
			);
			mainGroup = 5C4A9A01291BAAD700D2B2B5;
			productRefGroup = 5C4A9A0B291BAAD700D2B2B5 /* Products */;
			projectDirPath = "";
			projectRoot = "";
			targets = (
				5C4A9A09291BAAD700D2B2B5 /* DallETutorial */,
			);
		};
/* End PBXProject section */

/* Begin PBXResourcesBuildPhase section */
		5C4A9A08291BAAD700D2B2B5 /* Resources */ = {
			isa = PBXResourcesBuildPhase;
			buildActionMask = 2147483647;
			files = (
				5C4A9A15291BAAD700D2B2B5 /* Preview Assets.xcassets in Resources */,
				5C4A9A12291BAAD700D2B2B5 /* Assets.xcassets in Resources */,
			);
			runOnlyForDeploymentPostprocessing = 0;
		};
/* End PBXResourcesBuildPhase section */

/* Begin PBXSourcesBuildPhase section */
		5C4A9A06291BAAD700D2B2B5 /* Sources */ = {
			isa = PBXSourcesBuildPhase;
			buildActionMask = 2147483647;
			files = (
				9E57FFE92A38F74400C72B32 /* ListenerView.swift in Sources */,
				9EADB3882A448385006F184E /* FavoriteButton.swift in Sources */,
				9E57FFE72A38F57800C72B32 /* SpeechRecognizer.swift in Sources */,
				5C4A9A1E291BAED000D2B2B5 /* ModerationResponse.swift in Sources */,
				9E8D81FA2A55C7A40027005D /* BottomView.swift in Sources */,
				9E7F8C792A56E64500B0DD5C /* SideButtonsModel.swift in Sources */,
				9E8D81FC2A55C7C50027005D /* CollectionContent.swift in Sources */,
				5C4A9A22291BB10A00D2B2B5 /* Secret.swift in Sources */,
				9EADB3852A4482F1006F184E /* Landmark.swift in Sources */,
				9EED78162A4D979C00525298 /* SideBar.swift in Sources */,
				9E7F8C752A56D88F00B0DD5C /* VoiceDraw.swift in Sources */,
				9E8C7A012A45B50F00A11542 /* ProfileSummary.swift in Sources */,
				9E601A362A39D45D003AD631 /* History.swift in Sources */,
				9E8C7A002A45B50F00A11542 /* ProfileHost.swift in Sources */,
				9E8C79FF2A45B50F00A11542 /* ProfileEditor.swift in Sources */,
				9EED780C2A4A17E000525298 /* Panel.swift in Sources */,
				9E63C4912A55C6BE0004EBBB /* View.swift in Sources */,
				5C4A9A1C291BAD9A00D2B2B5 /* DallEImageGenerator.swift in Sources */,
				5C4A9A10291BAAD700D2B2B5 /* ContentView.swift in Sources */,
				9EED781B2A4DD0F700525298 /* UIDevice.swift in Sources */,
				5C4A9A0E291BAAD700D2B2B5 /* DallETutorialApp.swift in Sources */,
				9E5B3C7E2A547E71009ED922 /* ImageDetails.swift in Sources */,
				9E7540AB2A582CE7005DC479 /* UIApplication.swift in Sources */,
				9E8D81F82A55C7840027005D /* SideButtons.swift in Sources */,
				5C4A9A20291BAF9900D2B2B5 /* ImageGenerationResponse.swift in Sources */,
				9E8C7A042A45B59800A11542 /* Profile.swift in Sources */,
				9EADB3752A4480AD006F184E /* ModelData.swift in Sources */,
				9EED78182A4DB09000525298 /* CustomColor.swift in Sources */,
			);
			runOnlyForDeploymentPostprocessing = 0;
		};
/* End PBXSourcesBuildPhase section */

/* Begin XCBuildConfiguration section */
		5C4A9A16291BAAD700D2B2B5 /* Debug */ = {
			isa = XCBuildConfiguration;
			buildSettings = {
				ALWAYS_SEARCH_USER_PATHS = NO;
				CLANG_ANALYZER_NONNULL = YES;
				CLANG_ANALYZER_NUMBER_OBJECT_CONVERSION = YES_AGGRESSIVE;
				CLANG_CXX_LANGUAGE_STANDARD = "gnu++20";
				CLANG_ENABLE_MODULES = YES;
				CLANG_ENABLE_OBJC_ARC = YES;
				CLANG_ENABLE_OBJC_WEAK = YES;
				CLANG_WARN_BLOCK_CAPTURE_AUTORELEASING = YES;
				CLANG_WARN_BOOL_CONVERSION = YES;
				CLANG_WARN_COMMA = YES;
				CLANG_WARN_CONSTANT_CONVERSION = YES;
				CLANG_WARN_DEPRECATED_OBJC_IMPLEMENTATIONS = YES;
				CLANG_WARN_DIRECT_OBJC_ISA_USAGE = YES_ERROR;
				CLANG_WARN_DOCUMENTATION_COMMENTS = YES;
				CLANG_WARN_EMPTY_BODY = YES;
				CLANG_WARN_ENUM_CONVERSION = YES;
				CLANG_WARN_INFINITE_RECURSION = YES;
				CLANG_WARN_INT_CONVERSION = YES;
				CLANG_WARN_NON_LITERAL_NULL_CONVERSION = YES;
				CLANG_WARN_OBJC_IMPLICIT_RETAIN_SELF = YES;
				CLANG_WARN_OBJC_LITERAL_CONVERSION = YES;
				CLANG_WARN_OBJC_ROOT_CLASS = YES_ERROR;
				CLANG_WARN_QUOTED_INCLUDE_IN_FRAMEWORK_HEADER = YES;
				CLANG_WARN_RANGE_LOOP_ANALYSIS = YES;
				CLANG_WARN_STRICT_PROTOTYPES = YES;
				CLANG_WARN_SUSPICIOUS_MOVE = YES;
				CLANG_WARN_UNGUARDED_AVAILABILITY = YES_AGGRESSIVE;
				CLANG_WARN_UNREACHABLE_CODE = YES;
				CLANG_WARN__DUPLICATE_METHOD_MATCH = YES;
				COPY_PHASE_STRIP = NO;
				DEBUG_INFORMATION_FORMAT = dwarf;
				ENABLE_STRICT_OBJC_MSGSEND = YES;
				ENABLE_TESTABILITY = YES;
				GCC_C_LANGUAGE_STANDARD = gnu11;
				GCC_DYNAMIC_NO_PIC = NO;
				GCC_NO_COMMON_BLOCKS = YES;
				GCC_OPTIMIZATION_LEVEL = 0;
				GCC_PREPROCESSOR_DEFINITIONS = (
					"DEBUG=1",
					"$(inherited)",
				);
				GCC_WARN_64_TO_32_BIT_CONVERSION = YES;
				GCC_WARN_ABOUT_RETURN_TYPE = YES_ERROR;
				GCC_WARN_UNDECLARED_SELECTOR = YES;
				GCC_WARN_UNINITIALIZED_AUTOS = YES_AGGRESSIVE;
				GCC_WARN_UNUSED_FUNCTION = YES;
				GCC_WARN_UNUSED_VARIABLE = YES;
				IPHONEOS_DEPLOYMENT_TARGET = 16.1;
				MTL_ENABLE_DEBUG_INFO = INCLUDE_SOURCE;
				MTL_FAST_MATH = YES;
				ONLY_ACTIVE_ARCH = YES;
				SDKROOT = iphoneos;
				SWIFT_ACTIVE_COMPILATION_CONDITIONS = DEBUG;
				SWIFT_OPTIMIZATION_LEVEL = "-Onone";
			};
			name = Debug;
		};
		5C4A9A17291BAAD700D2B2B5 /* Release */ = {
			isa = XCBuildConfiguration;
			buildSettings = {
				ALWAYS_SEARCH_USER_PATHS = NO;
				CLANG_ANALYZER_NONNULL = YES;
				CLANG_ANALYZER_NUMBER_OBJECT_CONVERSION = YES_AGGRESSIVE;
				CLANG_CXX_LANGUAGE_STANDARD = "gnu++20";
				CLANG_ENABLE_MODULES = YES;
				CLANG_ENABLE_OBJC_ARC = YES;
				CLANG_ENABLE_OBJC_WEAK = YES;
				CLANG_WARN_BLOCK_CAPTURE_AUTORELEASING = YES;
				CLANG_WARN_BOOL_CONVERSION = YES;
				CLANG_WARN_COMMA = YES;
				CLANG_WARN_CONSTANT_CONVERSION = YES;
				CLANG_WARN_DEPRECATED_OBJC_IMPLEMENTATIONS = YES;
				CLANG_WARN_DIRECT_OBJC_ISA_USAGE = YES_ERROR;
				CLANG_WARN_DOCUMENTATION_COMMENTS = YES;
				CLANG_WARN_EMPTY_BODY = YES;
				CLANG_WARN_ENUM_CONVERSION = YES;
				CLANG_WARN_INFINITE_RECURSION = YES;
				CLANG_WARN_INT_CONVERSION = YES;
				CLANG_WARN_NON_LITERAL_NULL_CONVERSION = YES;
				CLANG_WARN_OBJC_IMPLICIT_RETAIN_SELF = YES;
				CLANG_WARN_OBJC_LITERAL_CONVERSION = YES;
				CLANG_WARN_OBJC_ROOT_CLASS = YES_ERROR;
				CLANG_WARN_QUOTED_INCLUDE_IN_FRAMEWORK_HEADER = YES;
				CLANG_WARN_RANGE_LOOP_ANALYSIS = YES;
				CLANG_WARN_STRICT_PROTOTYPES = YES;
				CLANG_WARN_SUSPICIOUS_MOVE = YES;
				CLANG_WARN_UNGUARDED_AVAILABILITY = YES_AGGRESSIVE;
				CLANG_WARN_UNREACHABLE_CODE = YES;
				CLANG_WARN__DUPLICATE_METHOD_MATCH = YES;
				COPY_PHASE_STRIP = NO;
				DEBUG_INFORMATION_FORMAT = "dwarf-with-dsym";
				ENABLE_NS_ASSERTIONS = NO;
				ENABLE_STRICT_OBJC_MSGSEND = YES;
				GCC_C_LANGUAGE_STANDARD = gnu11;
				GCC_NO_COMMON_BLOCKS = YES;
				GCC_WARN_64_TO_32_BIT_CONVERSION = YES;
				GCC_WARN_ABOUT_RETURN_TYPE = YES_ERROR;
				GCC_WARN_UNDECLARED_SELECTOR = YES;
				GCC_WARN_UNINITIALIZED_AUTOS = YES_AGGRESSIVE;
				GCC_WARN_UNUSED_FUNCTION = YES;
				GCC_WARN_UNUSED_VARIABLE = YES;
				IPHONEOS_DEPLOYMENT_TARGET = 16.1;
				MTL_ENABLE_DEBUG_INFO = NO;
				MTL_FAST_MATH = YES;
				SDKROOT = iphoneos;
				SWIFT_COMPILATION_MODE = wholemodule;
				SWIFT_OPTIMIZATION_LEVEL = "-O";
				VALIDATE_PRODUCT = YES;
			};
			name = Release;
		};
		5C4A9A19291BAAD700D2B2B5 /* Debug */ = {
			isa = XCBuildConfiguration;
			buildSettings = {
				ASSETCATALOG_COMPILER_APPICON_NAME = AppIcon;
				ASSETCATALOG_COMPILER_GLOBAL_ACCENT_COLOR_NAME = AccentColor;
				CODE_SIGN_STYLE = Automatic;
				CURRENT_PROJECT_VERSION = 1;
				DEVELOPMENT_ASSET_PATHS = "\"DallETutorial/Preview Content\"";
				DEVELOPMENT_TEAM = BKAQCZMCHY;
				ENABLE_PREVIEWS = YES;
				GENERATE_INFOPLIST_FILE = YES;
				INFOPLIST_FILE = DallETutorial/Info.plist;
				INFOPLIST_KEY_NSMicrophoneUsageDescription = "Audio is recorded to transcribe the meeting. Audio recordings are discarded after transcription.";
				INFOPLIST_KEY_NSPhotoLibraryAddUsageDescription = "Needed to save your generated images";
				INFOPLIST_KEY_NSSpeechRecognitionUsageDescription = "You can view a text transcription of your meeting in the app.";
				INFOPLIST_KEY_UIApplicationSceneManifest_Generation = YES;
				INFOPLIST_KEY_UIApplicationSupportsIndirectInputEvents = YES;
				INFOPLIST_KEY_UILaunchScreen_Generation = YES;
				INFOPLIST_KEY_UISupportedInterfaceOrientations_iPad = "UIInterfaceOrientationPortrait UIInterfaceOrientationPortraitUpsideDown UIInterfaceOrientationLandscapeLeft UIInterfaceOrientationLandscapeRight";
				INFOPLIST_KEY_UISupportedInterfaceOrientations_iPhone = "UIInterfaceOrientationPortrait UIInterfaceOrientationLandscapeLeft UIInterfaceOrientationLandscapeRight";
				LD_RUNPATH_SEARCH_PATHS = (
					"$(inherited)",
					"@executable_path/Frameworks",
				);
				MARKETING_VERSION = 1.0;
				PRODUCT_BUNDLE_IDENTIFIER = ogr.com;
				PRODUCT_NAME = "$(TARGET_NAME)";
				SWIFT_EMIT_LOC_STRINGS = YES;
				SWIFT_VERSION = 5.0;
				TARGETED_DEVICE_FAMILY = "1,2";
			};
			name = Debug;
		};
		5C4A9A1A291BAAD700D2B2B5 /* Release */ = {
			isa = XCBuildConfiguration;
			buildSettings = {
				ASSETCATALOG_COMPILER_APPICON_NAME = AppIcon;
				ASSETCATALOG_COMPILER_GLOBAL_ACCENT_COLOR_NAME = AccentColor;
				CODE_SIGN_STYLE = Automatic;
				CURRENT_PROJECT_VERSION = 1;
				DEVELOPMENT_ASSET_PATHS = "\"DallETutorial/Preview Content\"";
				DEVELOPMENT_TEAM = BKAQCZMCHY;
				ENABLE_PREVIEWS = YES;
				GENERATE_INFOPLIST_FILE = YES;
				INFOPLIST_FILE = DallETutorial/Info.plist;
				INFOPLIST_KEY_NSMicrophoneUsageDescription = "Audio is recorded to transcribe the meeting. Audio recordings are discarded after transcription.";
				INFOPLIST_KEY_NSPhotoLibraryAddUsageDescription = "Needed to save your generated images";
				INFOPLIST_KEY_NSSpeechRecognitionUsageDescription = "You can view a text transcription of your meeting in the app.";
				INFOPLIST_KEY_UIApplicationSceneManifest_Generation = YES;
				INFOPLIST_KEY_UIApplicationSupportsIndirectInputEvents = YES;
				INFOPLIST_KEY_UILaunchScreen_Generation = YES;
				INFOPLIST_KEY_UISupportedInterfaceOrientations_iPad = "UIInterfaceOrientationPortrait UIInterfaceOrientationPortraitUpsideDown UIInterfaceOrientationLandscapeLeft UIInterfaceOrientationLandscapeRight";
				INFOPLIST_KEY_UISupportedInterfaceOrientations_iPhone = "UIInterfaceOrientationPortrait UIInterfaceOrientationLandscapeLeft UIInterfaceOrientationLandscapeRight";
				LD_RUNPATH_SEARCH_PATHS = (
					"$(inherited)",
					"@executable_path/Frameworks",
				);
				MARKETING_VERSION = 1.0;
				PRODUCT_BUNDLE_IDENTIFIER = ogr.com;
				PRODUCT_NAME = "$(TARGET_NAME)";
				SWIFT_EMIT_LOC_STRINGS = YES;
				SWIFT_VERSION = 5.0;
				TARGETED_DEVICE_FAMILY = "1,2";
			};
			name = Release;
		};
/* End XCBuildConfiguration section */

/* Begin XCConfigurationList section */
		5C4A9A05291BAAD700D2B2B5 /* Build configuration list for PBXProject "DallETutorial" */ = {
			isa = XCConfigurationList;
			buildConfigurations = (
				5C4A9A16291BAAD700D2B2B5 /* Debug */,
				5C4A9A17291BAAD700D2B2B5 /* Release */,
			);
			defaultConfigurationIsVisible = 0;
			defaultConfigurationName = Release;
		};
		5C4A9A18291BAAD700D2B2B5 /* Build configuration list for PBXNativeTarget "DallETutorial" */ = {
			isa = XCConfigurationList;
			buildConfigurations = (
				5C4A9A19291BAAD700D2B2B5 /* Debug */,
				5C4A9A1A291BAAD700D2B2B5 /* Release */,
			);
			defaultConfigurationIsVisible = 0;
			defaultConfigurationName = Release;
		};
/* End XCConfigurationList section */
	};
	rootObject = 5C4A9A02291BAAD700D2B2B5 /* Project object */;
}
